
Microsoft Visual Studio Solution File, Format Version 12.00
# Visual Studio Version 16
VisualStudioVersion = 16.0.31321.278
MinimumVisualStudioVersion = 10.0.40219.1
Project("{FAE04EC0-301F-11D3-BF4B-00C04F79EFBC}") = "PetShop", "PetShop\PetShop.csproj", "{14FDA728-E9CF-43CA-9A9E-C3A579BA7508}"
EndProject
Global
	GlobalSection(SolutionConfigurationPlatforms) = preSolution
		Debug|Any CPU = Debug|Any CPU
		Release|Any CPU = Release|Any CPU
	EndGlobalSection
	GlobalSection(ProjectConfigurationPlatforms) = postSolution
		{14FDA728-E9CF-43CA-9A9E-C3A579BA7508}.Debug|Any CPU.ActiveCfg = Debug|Any CPU
		{14FDA728-E9CF-43CA-9A9E-C3A579BA7508}.Debug|Any CPU.Build.0 = Debug|Any CPU
		{14FDA728-E9CF-43CA-9A9E-C3A579BA7508}.Release|Any CPU.ActiveCfg = Release|Any CPU
		{14FDA728-E9CF-43CA-9A9E-C3A579BA7508}.Release|Any CPU.Build.0 = Release|Any CPU
	EndGlobalSection
	GlobalSection(SolutionProperties) = preSolution
		HideSolutionNode = FALSE
	EndGlobalSection
	GlobalSection(ExtensibilityGlobals) = postSolution
		SolutionGuid = {AD546F6D-2272-4F3E-A479-4DDA141D154A}
	EndGlobalSection
EndGlobal
